
Microsoft Visual Studio Solution File, Format Version 12.00
# Visual Studio Version 17
VisualStudioVersion = 17.5.002.0
MinimumVisualStudioVersion = 10.0.40219.1
Project("{9A19103F-16F7-4668-BE54-9A1E7A4F7556}") = "flycatcher", "flycatcher.csproj", "{97E7B063-E565-4194-8482-2FC62D2ACC83}"
EndProject
Global
	GlobalSection(SolutionConfigurationPlatforms) = preSolution
		Debug|Any CPU = Debug|Any CPU
		Release|Any CPU = Release|Any CPU
	EndGlobalSection
	GlobalSection(ProjectConfigurationPlatforms) = postSolution
		{97E7B063-E565-4194-8482-2FC62D2ACC83}.Debug|Any CPU.ActiveCfg = Debug|Any CPU
		{97E7B063-E565-4194-8482-2FC62D2ACC83}.Debug|Any CPU.Build.0 = Debug|Any CPU
		{97E7B063-E565-4194-8482-2FC62D2ACC83}.Release|Any CPU.ActiveCfg = Release|Any CPU
		{97E7B063-E565-4194-8482-2FC62D2ACC83}.Release|Any CPU.Build.0 = Release|Any CPU
	EndGlobalSection
	GlobalSection(SolutionProperties) = preSolution
		HideSolutionNode = FALSE
	EndGlobalSection
	GlobalSection(ExtensibilityGlobals) = postSolution
		SolutionGuid = {EEF66FF4-BFEE-4B73-B71A-BA263609DEDA}
	EndGlobalSection
EndGlobal
